
Microsoft Visual Studio Solution File, Format Version 12.00
# Visual Studio Version 17
VisualStudioVersion = 17.3.32922.545
MinimumVisualStudioVersion = 10.0.40219.1
Project("{FAE04EC0-301F-11D3-BF4B-00C04F79EFBC}") = "CMD.Appointments.Service", "CMD.Appointments.Service\CMD.Appointments.Service.csproj", "{6BB233F4-8F9A-4E74-876C-CF82FA0480A2}"
EndProject
Project("{FAE04EC0-301F-11D3-BF4B-00C04F79EFBC}") = "CMD.Appointments.BusinessLogic", "CMD.Appointments.BusinessLogic\CMD.Appointments.BusinessLogic.csproj", "{F6564DFF-B870-482B-A296-751D62A62A3D}"
EndProject
Project("{FAE04EC0-301F-11D3-BF4B-00C04F79EFBC}") = "CMD.Appointments.DTOs", "CMD.Appointments.DTOs\CMD.Appointments.DTOs.csproj", "{3C9939B3-B590-4704-A9E5-24539E5813FE}"
EndProject
Project("{FAE04EC0-301F-11D3-BF4B-00C04F79EFBC}") = "CMD.Appointments.Repository", "CMD.Appointments.Repository\CMD.Appointments.Repository.csproj", "{53871814-B1EF-4430-9C59-E971BCBDD4B2}"
EndProject
Project("{FAE04EC0-301F-11D3-BF4B-00C04F79EFBC}") = "CMD.Appointments.Models", "CMD.Appointments.Models\CMD.Appointments.Models.csproj", "{E7D5D5F8-7C48-418B-9563-C6DD5771C20C}"
EndProject
Project("{FAE04EC0-301F-11D3-BF4B-00C04F79EFBC}") = "CMD.IISHostAppointmentService", "CMD.IISHostAppointmentService\CMD.IISHostAppointmentService.csproj", "{CDC9525F-E87E-4600-9C65-EB2BF9644997}"
EndProject
Global
	GlobalSection(SolutionConfigurationPlatforms) = preSolution
		Debug|Any CPU = Debug|Any CPU
		Release|Any CPU = Release|Any CPU
	EndGlobalSection
	GlobalSection(ProjectConfigurationPlatforms) = postSolution
		{6BB233F4-8F9A-4E74-876C-CF82FA0480A2}.Debug|Any CPU.ActiveCfg = Debug|Any CPU
		{6BB233F4-8F9A-4E74-876C-CF82FA0480A2}.Debug|Any CPU.Build.0 = Debug|Any CPU
		{6BB233F4-8F9A-4E74-876C-CF82FA0480A2}.Release|Any CPU.ActiveCfg = Release|Any CPU
		{6BB233F4-8F9A-4E74-876C-CF82FA0480A2}.Release|Any CPU.Build.0 = Release|Any CPU
		{F6564DFF-B870-482B-A296-751D62A62A3D}.Debug|Any CPU.ActiveCfg = Debug|Any CPU
		{F6564DFF-B870-482B-A296-751D62A62A3D}.Debug|Any CPU.Build.0 = Debug|Any CPU
		{F6564DFF-B870-482B-A296-751D62A62A3D}.Release|Any CPU.ActiveCfg = Release|Any CPU
		{F6564DFF-B870-482B-A296-751D62A62A3D}.Release|Any CPU.Build.0 = Release|Any CPU
		{3C9939B3-B590-4704-A9E5-24539E5813FE}.Debug|Any CPU.ActiveCfg = Debug|Any CPU
		{3C9939B3-B590-4704-A9E5-24539E5813FE}.Debug|Any CPU.Build.0 = Debug|Any CPU
		{3C9939B3-B590-4704-A9E5-24539E5813FE}.Release|Any CPU.ActiveCfg = Release|Any CPU
		{3C9939B3-B590-4704-A9E5-24539E5813FE}.Release|Any CPU.Build.0 = Release|Any CPU
		{53871814-B1EF-4430-9C59-E971BCBDD4B2}.Debug|Any CPU.ActiveCfg = Debug|Any CPU
		{53871814-B1EF-4430-9C59-E971BCBDD4B2}.Debug|Any CPU.Build.0 = Debug|Any CPU
		{53871814-B1EF-4430-9C59-E971BCBDD4B2}.Release|Any CPU.ActiveCfg = Release|Any CPU
		{53871814-B1EF-4430-9C59-E971BCBDD4B2}.Release|Any CPU.Build.0 = Release|Any CPU
		{E7D5D5F8-7C48-418B-9563-C6DD5771C20C}.Debug|Any CPU.ActiveCfg = Debug|Any CPU
		{E7D5D5F8-7C48-418B-9563-C6DD5771C20C}.Debug|Any CPU.Build.0 = Debug|Any CPU
		{E7D5D5F8-7C48-418B-9563-C6DD5771C20C}.Release|Any CPU.ActiveCfg = Release|Any CPU
		{E7D5D5F8-7C48-418B-9563-C6DD5771C20C}.Release|Any CPU.Build.0 = Release|Any CPU
		{CDC9525F-E87E-4600-9C65-EB2BF9644997}.Debug|Any CPU.ActiveCfg = Debug|Any CPU
		{CDC9525F-E87E-4600-9C65-EB2BF9644997}.Debug|Any CPU.Build.0 = Debug|Any CPU
		{CDC9525F-E87E-4600-9C65-EB2BF9644997}.Release|Any CPU.ActiveCfg = Release|Any CPU
		{CDC9525F-E87E-4600-9C65-EB2BF9644997}.Release|Any CPU.Build.0 = Release|Any CPU
	EndGlobalSection
	GlobalSection(SolutionProperties) = preSolution
		HideSolutionNode = FALSE
	EndGlobalSection
	GlobalSection(ExtensibilityGlobals) = postSolution
		SolutionGuid = {CC17CD10-55C9-48C4-9B23-491196E873D8}
	EndGlobalSection
EndGlobal
